
Microsoft Visual Studio Solution File, Format Version 12.00
# Visual Studio 2012
Project("{2150E333-8FDC-42A3-9474-1A3956D46DE8}") = "Server", "Server", "{1397C63E-AECE-4499-81D5-BCB685DFBDE3}"
EndProject
Project("{2150E333-8FDC-42A3-9474-1A3956D46DE8}") = "Client", "Client", "{2CA7C26E-F47E-4266-9179-EA1D46D38E03}"
EndProject
Project("{2150E333-8FDC-42A3-9474-1A3956D46DE8}") = "Service", "Service", "{EFF4B05A-8BA1-4B4E-9561-69721238D93C}"
EndProject
Project("{2150E333-8FDC-42A3-9474-1A3956D46DE8}") = "Common Libraries", "Common Libraries", "{8C267D6D-61BB-4B8F-9630-6C83F3348F8E}"
	ProjectSection(SolutionItems) = preProject
		CommonBase_TODO.txt = CommonBase_TODO.txt
	EndProjectSection
EndProject
Project("{FAE04EC0-301F-11D3-BF4B-00C04F79EFBC}") = "StoreKeeper.Service", "Service\StoreKeeper.Service\StoreKeeper.Service.csproj", "{E1A9A42A-31EC-4A1F-A0CA-FF6242643153}"
EndProject
Project("{FAE04EC0-301F-11D3-BF4B-00C04F79EFBC}") = "CommonBase.Log", "Backend\CommonBase.Log\CommonBase.Log.csproj", "{B09743EF-9B94-48B2-A2B7-C866EAB7B0AC}"
EndProject
Project("{FAE04EC0-301F-11D3-BF4B-00C04F79EFBC}") = "CommonBase.Service", "Backend\CommonBase.Service\CommonBase.Service.csproj", "{963C0C90-76B3-4A9F-87B9-6CB20E983D1B}"
EndProject
Project("{FAE04EC0-301F-11D3-BF4B-00C04F79EFBC}") = "CommonBase", "Backend\CommonBase\CommonBase.csproj", "{B970FD79-AFAF-4953-97AB-923E76ECC599}"
EndProject
Project("{FAE04EC0-301F-11D3-BF4B-00C04F79EFBC}") = "CommonBase.Application", "Backend\CommonBase.Application\CommonBase.Application.csproj", "{402F489C-9ADC-4B9D-AC37-51FFB64D3B93}"
EndProject
Project("{FAE04EC0-301F-11D3-BF4B-00C04F79EFBC}") = "CommonBase.UI", "Backend\CommonBase.UI\CommonBase.UI.csproj", "{40C926C0-DCDC-4CDD-8306-2BDBEAA69A2D}"
EndProject
Project("{FAE04EC0-301F-11D3-BF4B-00C04F79EFBC}") = "StoreKeeper.App", "Frontend\StoreKeeper.App\StoreKeeper.App.csproj", "{9363DAB4-4DD3-4388-9393-DE1CF32E456D}"
EndProject
Project("{FAE04EC0-301F-11D3-BF4B-00C04F79EFBC}") = "CommonBase.Resources", "Backend\CommonBase.Resources\CommonBase.Resources.csproj", "{56DB59ED-7318-427A-BBD1-71E090E71856}"
EndProject
Project("{2150E333-8FDC-42A3-9474-1A3956D46DE8}") = "Common", "Common", "{78EB5B56-C2E5-4E87-878D-F8493BEFCC47}"
EndProject
Project("{FAE04EC0-301F-11D3-BF4B-00C04F79EFBC}") = "StoreKeeper.Common", "Backend\StoreKeeper.Common\StoreKeeper.Common.csproj", "{C3760FA2-3D05-446B-9F5D-AFC00CC0C27B}"
EndProject
Project("{FAE04EC0-301F-11D3-BF4B-00C04F79EFBC}") = "StoreKeeper.Server", "Backend\StoreKeeper.Server\StoreKeeper.Server.csproj", "{668ED606-4EBA-4ECB-9124-5554C8CFA672}"
EndProject
Project("{FAE04EC0-301F-11D3-BF4B-00C04F79EFBC}") = "StoreKeeper.Client", "Backend\StoreKeeper.Client\StoreKeeper.Client.csproj", "{F0E3BAFB-D0D3-403E-823E-5229F00E3E06}"
EndProject
Project("{2150E333-8FDC-42A3-9474-1A3956D46DE8}") = "Solution Items", "Solution Items", "{EF1CD94D-A34D-4E72-AE36-60AF46ED76E2}"
	ProjectSection(SolutionItems) = preProject
		StoreKeeper_TODO.txt = StoreKeeper_TODO.txt
		Timesheet.txt = Timesheet.txt
	EndProjectSection
EndProject
Project("{FAE04EC0-301F-11D3-BF4B-00C04F79EFBC}") = "StoreKeeper.Resources", "Backend\StoreKeeper.Resources\StoreKeeper.Resources.csproj", "{832161AB-0F0E-428A-9BF9-4D33D5A3371C}"
EndProject
Project("{FAE04EC0-301F-11D3-BF4B-00C04F79EFBC}") = "StoreKeeper.DBIndexer", "Frontend\StoreKeeper.DBIndexer\StoreKeeper.DBIndexer.csproj", "{DB2BE81D-D773-4EE1-A0F8-C842E3F68899}"
EndProject
Project("{FAE04EC0-301F-11D3-BF4B-00C04F79EFBC}") = "StoreKeeper.ConnectionTester", "Frontend\StoreKeeper.ConnectionTester\StoreKeeper.ConnectionTester.csproj", "{7EEFC728-AFD2-4C45-9BAD-007BD6C04487}"
EndProject
Project("{FAE04EC0-301F-11D3-BF4B-00C04F79EFBC}") = "StoreKeeper.Update", "Frontend\StoreKeeper.Update\StoreKeeper.Update.csproj", "{CCBA4CF6-BD01-4872-AFB0-9BB65A5C544A}"
EndProject
Global
	GlobalSection(SolutionConfigurationPlatforms) = preSolution
		Debug|Any CPU = Debug|Any CPU
		Release|Any CPU = Release|Any CPU
	EndGlobalSection
	GlobalSection(ProjectConfigurationPlatforms) = postSolution
		{E1A9A42A-31EC-4A1F-A0CA-FF6242643153}.Debug|Any CPU.ActiveCfg = Debug|Any CPU
		{E1A9A42A-31EC-4A1F-A0CA-FF6242643153}.Debug|Any CPU.Build.0 = Debug|Any CPU
		{E1A9A42A-31EC-4A1F-A0CA-FF6242643153}.Release|Any CPU.ActiveCfg = Release|Any CPU
		{E1A9A42A-31EC-4A1F-A0CA-FF6242643153}.Release|Any CPU.Build.0 = Release|Any CPU
		{B09743EF-9B94-48B2-A2B7-C866EAB7B0AC}.Debug|Any CPU.ActiveCfg = Debug|Any CPU
		{B09743EF-9B94-48B2-A2B7-C866EAB7B0AC}.Debug|Any CPU.Build.0 = Debug|Any CPU
		{B09743EF-9B94-48B2-A2B7-C866EAB7B0AC}.Release|Any CPU.ActiveCfg = Release|Any CPU
		{B09743EF-9B94-48B2-A2B7-C866EAB7B0AC}.Release|Any CPU.Build.0 = Release|Any CPU
		{963C0C90-76B3-4A9F-87B9-6CB20E983D1B}.Debug|Any CPU.ActiveCfg = Debug|Any CPU
		{963C0C90-76B3-4A9F-87B9-6CB20E983D1B}.Debug|Any CPU.Build.0 = Debug|Any CPU
		{963C0C90-76B3-4A9F-87B9-6CB20E983D1B}.Release|Any CPU.ActiveCfg = Release|Any CPU
		{963C0C90-76B3-4A9F-87B9-6CB20E983D1B}.Release|Any CPU.Build.0 = Release|Any CPU
		{B970FD79-AFAF-4953-97AB-923E76ECC599}.Debug|Any CPU.ActiveCfg = Debug|Any CPU
		{B970FD79-AFAF-4953-97AB-923E76ECC599}.Debug|Any CPU.Build.0 = Debug|Any CPU
		{B970FD79-AFAF-4953-97AB-923E76ECC599}.Release|Any CPU.ActiveCfg = Release|Any CPU
		{B970FD79-AFAF-4953-97AB-923E76ECC599}.Release|Any CPU.Build.0 = Release|Any CPU
		{402F489C-9ADC-4B9D-AC37-51FFB64D3B93}.Debug|Any CPU.ActiveCfg = Debug|Any CPU
		{402F489C-9ADC-4B9D-AC37-51FFB64D3B93}.Debug|Any CPU.Build.0 = Debug|Any CPU
		{402F489C-9ADC-4B9D-AC37-51FFB64D3B93}.Release|Any CPU.ActiveCfg = Release|Any CPU
		{402F489C-9ADC-4B9D-AC37-51FFB64D3B93}.Release|Any CPU.Build.0 = Release|Any CPU
		{40C926C0-DCDC-4CDD-8306-2BDBEAA69A2D}.Debug|Any CPU.ActiveCfg = Debug|Any CPU
		{40C926C0-DCDC-4CDD-8306-2BDBEAA69A2D}.Debug|Any CPU.Build.0 = Debug|Any CPU
		{40C926C0-DCDC-4CDD-8306-2BDBEAA69A2D}.Release|Any CPU.ActiveCfg = Release|Any CPU
		{40C926C0-DCDC-4CDD-8306-2BDBEAA69A2D}.Release|Any CPU.Build.0 = Release|Any CPU
		{9363DAB4-4DD3-4388-9393-DE1CF32E456D}.Debug|Any CPU.ActiveCfg = Debug|Any CPU
		{9363DAB4-4DD3-4388-9393-DE1CF32E456D}.Debug|Any CPU.Build.0 = Debug|Any CPU
		{9363DAB4-4DD3-4388-9393-DE1CF32E456D}.Release|Any CPU.ActiveCfg = Release|Any CPU
		{9363DAB4-4DD3-4388-9393-DE1CF32E456D}.Release|Any CPU.Build.0 = Release|Any CPU
		{56DB59ED-7318-427A-BBD1-71E090E71856}.Debug|Any CPU.ActiveCfg = Debug|Any CPU
		{56DB59ED-7318-427A-BBD1-71E090E71856}.Debug|Any CPU.Build.0 = Debug|Any CPU
		{56DB59ED-7318-427A-BBD1-71E090E71856}.Release|Any CPU.ActiveCfg = Release|Any CPU
		{56DB59ED-7318-427A-BBD1-71E090E71856}.Release|Any CPU.Build.0 = Release|Any CPU
		{C3760FA2-3D05-446B-9F5D-AFC00CC0C27B}.Debug|Any CPU.ActiveCfg = Debug|Any CPU
		{C3760FA2-3D05-446B-9F5D-AFC00CC0C27B}.Debug|Any CPU.Build.0 = Debug|Any CPU
		{C3760FA2-3D05-446B-9F5D-AFC00CC0C27B}.Release|Any CPU.ActiveCfg = Release|Any CPU
		{C3760FA2-3D05-446B-9F5D-AFC00CC0C27B}.Release|Any CPU.Build.0 = Release|Any CPU
		{668ED606-4EBA-4ECB-9124-5554C8CFA672}.Debug|Any CPU.ActiveCfg = Debug|Any CPU
		{668ED606-4EBA-4ECB-9124-5554C8CFA672}.Debug|Any CPU.Build.0 = Debug|Any CPU
		{668ED606-4EBA-4ECB-9124-5554C8CFA672}.Release|Any CPU.ActiveCfg = Release|Any CPU
		{668ED606-4EBA-4ECB-9124-5554C8CFA672}.Release|Any CPU.Build.0 = Release|Any CPU
		{F0E3BAFB-D0D3-403E-823E-5229F00E3E06}.Debug|Any CPU.ActiveCfg = Debug|Any CPU
		{F0E3BAFB-D0D3-403E-823E-5229F00E3E06}.Debug|Any CPU.Build.0 = Debug|Any CPU
		{F0E3BAFB-D0D3-403E-823E-5229F00E3E06}.Release|Any CPU.ActiveCfg = Release|Any CPU
		{F0E3BAFB-D0D3-403E-823E-5229F00E3E06}.Release|Any CPU.Build.0 = Release|Any CPU
		{832161AB-0F0E-428A-9BF9-4D33D5A3371C}.Debug|Any CPU.ActiveCfg = Debug|Any CPU
		{832161AB-0F0E-428A-9BF9-4D33D5A3371C}.Debug|Any CPU.Build.0 = Debug|Any CPU
		{832161AB-0F0E-428A-9BF9-4D33D5A3371C}.Release|Any CPU.ActiveCfg = Release|Any CPU
		{832161AB-0F0E-428A-9BF9-4D33D5A3371C}.Release|Any CPU.Build.0 = Release|Any CPU
		{DB2BE81D-D773-4EE1-A0F8-C842E3F68899}.Debug|Any CPU.ActiveCfg = Debug|Any CPU
		{DB2BE81D-D773-4EE1-A0F8-C842E3F68899}.Debug|Any CPU.Build.0 = Debug|Any CPU
		{DB2BE81D-D773-4EE1-A0F8-C842E3F68899}.Release|Any CPU.ActiveCfg = Release|Any CPU
		{DB2BE81D-D773-4EE1-A0F8-C842E3F68899}.Release|Any CPU.Build.0 = Release|Any CPU
		{7EEFC728-AFD2-4C45-9BAD-007BD6C04487}.Debug|Any CPU.ActiveCfg = Debug|Any CPU
		{7EEFC728-AFD2-4C45-9BAD-007BD6C04487}.Debug|Any CPU.Build.0 = Debug|Any CPU
		{7EEFC728-AFD2-4C45-9BAD-007BD6C04487}.Release|Any CPU.ActiveCfg = Release|Any CPU
		{7EEFC728-AFD2-4C45-9BAD-007BD6C04487}.Release|Any CPU.Build.0 = Release|Any CPU
		{CCBA4CF6-BD01-4872-AFB0-9BB65A5C544A}.Debug|Any CPU.ActiveCfg = Debug|Any CPU
		{CCBA4CF6-BD01-4872-AFB0-9BB65A5C544A}.Debug|Any CPU.Build.0 = Debug|Any CPU
		{CCBA4CF6-BD01-4872-AFB0-9BB65A5C544A}.Release|Any CPU.ActiveCfg = Release|Any CPU
		{CCBA4CF6-BD01-4872-AFB0-9BB65A5C544A}.Release|Any CPU.Build.0 = Release|Any CPU
	EndGlobalSection
	GlobalSection(SolutionProperties) = preSolution
		HideSolutionNode = FALSE
	EndGlobalSection
	GlobalSection(NestedProjects) = preSolution
		{668ED606-4EBA-4ECB-9124-5554C8CFA672} = {1397C63E-AECE-4499-81D5-BCB685DFBDE3}
		{9363DAB4-4DD3-4388-9393-DE1CF32E456D} = {2CA7C26E-F47E-4266-9179-EA1D46D38E03}
		{F0E3BAFB-D0D3-403E-823E-5229F00E3E06} = {2CA7C26E-F47E-4266-9179-EA1D46D38E03}
		{832161AB-0F0E-428A-9BF9-4D33D5A3371C} = {2CA7C26E-F47E-4266-9179-EA1D46D38E03}
		{DB2BE81D-D773-4EE1-A0F8-C842E3F68899} = {2CA7C26E-F47E-4266-9179-EA1D46D38E03}
		{7EEFC728-AFD2-4C45-9BAD-007BD6C04487} = {2CA7C26E-F47E-4266-9179-EA1D46D38E03}
		{CCBA4CF6-BD01-4872-AFB0-9BB65A5C544A} = {2CA7C26E-F47E-4266-9179-EA1D46D38E03}
		{E1A9A42A-31EC-4A1F-A0CA-FF6242643153} = {EFF4B05A-8BA1-4B4E-9561-69721238D93C}
		{B09743EF-9B94-48B2-A2B7-C866EAB7B0AC} = {8C267D6D-61BB-4B8F-9630-6C83F3348F8E}
		{963C0C90-76B3-4A9F-87B9-6CB20E983D1B} = {8C267D6D-61BB-4B8F-9630-6C83F3348F8E}
		{B970FD79-AFAF-4953-97AB-923E76ECC599} = {8C267D6D-61BB-4B8F-9630-6C83F3348F8E}
		{402F489C-9ADC-4B9D-AC37-51FFB64D3B93} = {8C267D6D-61BB-4B8F-9630-6C83F3348F8E}
		{40C926C0-DCDC-4CDD-8306-2BDBEAA69A2D} = {8C267D6D-61BB-4B8F-9630-6C83F3348F8E}
		{56DB59ED-7318-427A-BBD1-71E090E71856} = {8C267D6D-61BB-4B8F-9630-6C83F3348F8E}
		{C3760FA2-3D05-446B-9F5D-AFC00CC0C27B} = {78EB5B56-C2E5-4E87-878D-F8493BEFCC47}
	EndGlobalSection
EndGlobal
